
Microsoft Visual Studio Solution File, Format Version 12.00
# Visual Studio Version 17
VisualStudioVersion = 17.6.33712.159
MinimumVisualStudioVersion = 10.0.40219.1
Project("{FAE04EC0-301F-11D3-BF4B-00C04F79EFBC}") = "InventorySystem", "InventorySystem\InventorySystem.csproj", "{FEB4B939-04EF-4A5A-8FF9-A12B0B7AD747}"
EndProject
Global
	GlobalSection(SolutionConfigurationPlatforms) = preSolution
		Debug|Any CPU = Debug|Any CPU
		Release|Any CPU = Release|Any CPU
	EndGlobalSection
	GlobalSection(ProjectConfigurationPlatforms) = postSolution
		{FEB4B939-04EF-4A5A-8FF9-A12B0B7AD747}.Debug|Any CPU.ActiveCfg = Debug|Any CPU
		{FEB4B939-04EF-4A5A-8FF9-A12B0B7AD747}.Debug|Any CPU.Build.0 = Debug|Any CPU
		{FEB4B939-04EF-4A5A-8FF9-A12B0B7AD747}.Release|Any CPU.ActiveCfg = Release|Any CPU
		{FEB4B939-04EF-4A5A-8FF9-A12B0B7AD747}.Release|Any CPU.Build.0 = Release|Any CPU
	EndGlobalSection
	GlobalSection(SolutionProperties) = preSolution
		HideSolutionNode = FALSE
	EndGlobalSection
	GlobalSection(ExtensibilityGlobals) = postSolution
		SolutionGuid = {529ED059-51F8-49FA-851C-325A49B111B1}
	EndGlobalSection
EndGlobal
